
Microsoft Visual Studio Solution File, Format Version 12.00
# Visual Studio Version 16
VisualStudioVersion = 16.0.29006.145
MinimumVisualStudioVersion = 10.0.40219.1
Project("{6EC3EE1D-3C4E-46DD-8F32-0CC8E7565705}") = "NZag.Core", "Source\NZag.Core\NZag.Core.fsproj", "{12CDD537-31E7-461D-9AB7-E13A02EC6BF3}"
EndProject
Project("{9A19103F-16F7-4668-BE54-9A1E7A4F7556}") = "NZag", "Source\NZag\NZag.csproj", "{00C3B5E8-3654-4192-BA77-3ADB49696685}"
EndProject
Project("{9A19103F-16F7-4668-BE54-9A1E7A4F7556}") = "NZag.Core.Tests", "Source\NZag.Core.Tests\NZag.Core.Tests.csproj", "{DF1414D8-F16E-47EA-8A02-DF963C12E0FE}"
EndProject
Global
	GlobalSection(SolutionConfigurationPlatforms) = preSolution
		Debug|Any CPU = Debug|Any CPU
		Release|Any CPU = Release|Any CPU
	EndGlobalSection
	GlobalSection(ProjectConfigurationPlatforms) = postSolution
		{12CDD537-31E7-461D-9AB7-E13A02EC6BF3}.Debug|Any CPU.ActiveCfg = Debug|Any CPU
		{12CDD537-31E7-461D-9AB7-E13A02EC6BF3}.Debug|Any CPU.Build.0 = Debug|Any CPU
		{12CDD537-31E7-461D-9AB7-E13A02EC6BF3}.Release|Any CPU.ActiveCfg = Release|Any CPU
		{12CDD537-31E7-461D-9AB7-E13A02EC6BF3}.Release|Any CPU.Build.0 = Release|Any CPU
		{00C3B5E8-3654-4192-BA77-3ADB49696685}.Debug|Any CPU.ActiveCfg = Debug|Any CPU
		{00C3B5E8-3654-4192-BA77-3ADB49696685}.Debug|Any CPU.Build.0 = Debug|Any CPU
		{00C3B5E8-3654-4192-BA77-3ADB49696685}.Release|Any CPU.ActiveCfg = Release|Any CPU
		{00C3B5E8-3654-4192-BA77-3ADB49696685}.Release|Any CPU.Build.0 = Release|Any CPU
		{DF1414D8-F16E-47EA-8A02-DF963C12E0FE}.Debug|Any CPU.ActiveCfg = Debug|Any CPU
		{DF1414D8-F16E-47EA-8A02-DF963C12E0FE}.Debug|Any CPU.Build.0 = Debug|Any CPU
		{DF1414D8-F16E-47EA-8A02-DF963C12E0FE}.Release|Any CPU.ActiveCfg = Release|Any CPU
		{DF1414D8-F16E-47EA-8A02-DF963C12E0FE}.Release|Any CPU.Build.0 = Release|Any CPU
	EndGlobalSection
	GlobalSection(SolutionProperties) = preSolution
		HideSolutionNode = FALSE
	EndGlobalSection
	GlobalSection(ExtensibilityGlobals) = postSolution
		SolutionGuid = {BEBEAC52-DEAE-49FC-BCDD-53F7CD11F6F3}
	EndGlobalSection
EndGlobal
